# This file is automatically @generated by Poetry 1.4.1 and should not be changed by hand.

[[package]]
name = "nyanlang"
version = "1.5.1"
description = "A Cutest Programming Language"
category = "main"
optional = false
python-versions = ">=3.10,<4.0"
files = [
    {file = "nyanlang-1.5.1-py3-none-any.whl", hash = "sha256:edeb13caec9f59b58e881d3ae2ea65a302228e9ae9f72cdec83a7173746cf944"},
    {file = "nyanlang-1.5.1.tar.gz", hash = "sha256:e02d2d6565abca690a27e7d3046083c1bdd1a67195c9af68fa2bad7051923514"},
]

[metadata]
lock-version = "2.0"
python-versions = "^3.10"
content-hash = "dd9e0a743a07529ac6fe866cec29837b650ff1095bc4d93d3bc87b4d09fd72fb"
